// !$*UTF8*$!
{
	archiveVersion = 1;
	classes = {
	};
	objectVersion = 46;
	objects = {

/* Begin PBXBuildFile section */
		B423F018171EE0D10072CFA9 /* Student+Json.m in Sources */ = {isa = PBXBuildFile; fileRef = B423F017171EE0D10072CFA9 /* Student+Json.m */; };
		B423F019171EE0D10072CFA9 /* Student+Json.m in Sources */ = {isa = PBXBuildFile; fileRef = B423F017171EE0D10072CFA9 /* Student+Json.m */; };
		B42EAAD8171FF1BB0093117E /* MittSchemaTests.m in Sources */ = {isa = PBXBuildFile; fileRef = B42EAAD7171FF1BA0093117E /* MittSchemaTests.m */; };
		B4481809171089D20054926B /* Foundation.framework in Frameworks */ = {isa = PBXBuildFile; fileRef = B4481808171089D20054926B /* Foundation.framework */; };
		B448180C171089D20054926B /* main.m in Sources */ = {isa = PBXBuildFile; fileRef = B448180B171089D20054926B /* main.m */; };
		B4481810171089D20054926B /* MittSchema.1 in CopyFiles */ = {isa = PBXBuildFile; fileRef = B448180F171089D20054926B /* MittSchema.1 */; };
		B448182417108FDF0054926B /* Student.m in Sources */ = {isa = PBXBuildFile; fileRef = B448182317108FDF0054926B /* Student.m */; };
		B4612E1E17154D9800E0B6C5 /* SenTestingKit.framework in Frameworks */ = {isa = PBXBuildFile; fileRef = B4612DFF17154C2800E0B6C5 /* SenTestingKit.framework */; };
		B4612E1F17154D9800E0B6C5 /* Cocoa.framework in Frameworks */ = {isa = PBXBuildFile; fileRef = B4612E0117154C2800E0B6C5 /* Cocoa.framework */; };
		B4612E2517154D9800E0B6C5 /* InfoPlist.strings in Resources */ = {isa = PBXBuildFile; fileRef = B4612E2317154D9800E0B6C5 /* InfoPlist.strings */; };
		B4612E3017154DC700E0B6C5 /* Student.m in Sources */ = {isa = PBXBuildFile; fileRef = B448182317108FDF0054926B /* Student.m */; };
		B46FB90E171C0065009D2F1B /* Lesson.m in Sources */ = {isa = PBXBuildFile; fileRef = B46FB90D171C0065009D2F1B /* Lesson.m */; };
		B46FB90F171C0065009D2F1B /* Lesson.m in Sources */ = {isa = PBXBuildFile; fileRef = B46FB90D171C0065009D2F1B /* Lesson.m */; };
		B4B957D71712DDAE00ACA1D4 /* Course.m in Sources */ = {isa = PBXBuildFile; fileRef = B4B957D61712DDAE00ACA1D4 /* Course.m */; };
		B4C76A521716D5A3003253D2 /* Admin.m in Sources */ = {isa = PBXBuildFile; fileRef = B4C76A511716D5A3003253D2 /* Admin.m */; };
		B4C76A531716D5A3003253D2 /* Admin.m in Sources */ = {isa = PBXBuildFile; fileRef = B4C76A511716D5A3003253D2 /* Admin.m */; };
		B4E375FE1713FD3C0010ED97 /* StudentService.m in Sources */ = {isa = PBXBuildFile; fileRef = B4E375FD1713FD3C0010ED97 /* StudentService.m */; };
		B4E37601171421B70010ED97 /* Scheme.m in Sources */ = {isa = PBXBuildFile; fileRef = B4E37600171421B70010ED97 /* Scheme.m */; };
/* End PBXBuildFile section */

/* Begin PBXCopyFilesBuildPhase section */
		B4481803171089D20054926B /* CopyFiles */ = {
			isa = PBXCopyFilesBuildPhase;
			buildActionMask = 2147483647;
			dstPath = /usr/share/man/man1/;
			dstSubfolderSpec = 0;
			files = (
				B4481810171089D20054926B /* MittSchema.1 in CopyFiles */,
			);
			runOnlyForDeploymentPostprocessing = 1;
		};
/* End PBXCopyFilesBuildPhase section */

/* Begin PBXFileReference section */
		B423F011171EDEB50072CFA9 /* JsonFormat.h */ = {isa = PBXFileReference; fileEncoding = 4; lastKnownFileType = sourcecode.c.h; path = JsonFormat.h; sourceTree = "<group>"; };
		B423F016171EE0D10072CFA9 /* Student+Json.h */ = {isa = PBXFileReference; fileEncoding = 4; lastKnownFileType = sourcecode.c.h; path = "Student+Json.h"; sourceTree = "<group>"; };
		B423F017171EE0D10072CFA9 /* Student+Json.m */ = {isa = PBXFileReference; fileEncoding = 4; lastKnownFileType = sourcecode.c.objc; path = "Student+Json.m"; sourceTree = "<group>"; };
		B42EAAD6171FF1BA0093117E /* MittSchemaTests.h */ = {isa = PBXFileReference; fileEncoding = 4; lastKnownFileType = sourcecode.c.h; path = MittSchemaTests.h; sourceTree = "<group>"; };
		B42EAAD7171FF1BA0093117E /* MittSchemaTests.m */ = {isa = PBXFileReference; fileEncoding = 4; lastKnownFileType = sourcecode.c.objc; path = MittSchemaTests.m; sourceTree = "<group>"; };
		B4481805171089D20054926B /* MittSchema */ = {isa = PBXFileReference; explicitFileType = "compiled.mach-o.executable"; includeInIndex = 0; path = MittSchema; sourceTree = BUILT_PRODUCTS_DIR; };
		B4481808171089D20054926B /* Foundation.framework */ = {isa = PBXFileReference; lastKnownFileType = wrapper.framework; name = Foundation.framework; path = System/Library/Frameworks/Foundation.framework; sourceTree = SDKROOT; };
		B448180B171089D20054926B /* main.m */ = {isa = PBXFileReference; lastKnownFileType = sourcecode.c.objc; path = main.m; sourceTree = "<group>"; };
		B448180E171089D20054926B /* MittSchema-Prefix.pch */ = {isa = PBXFileReference; lastKnownFileType = sourcecode.c.h; path = "MittSchema-Prefix.pch"; sourceTree = "<group>"; };
		B448180F171089D20054926B /* MittSchema.1 */ = {isa = PBXFileReference; lastKnownFileType = text.man; path = MittSchema.1; sourceTree = "<group>"; };
		B448182217108FDF0054926B /* Student.h */ = {isa = PBXFileReference; fileEncoding = 4; lastKnownFileType = sourcecode.c.h; path = Student.h; sourceTree = "<group>"; };
		B448182317108FDF0054926B /* Student.m */ = {isa = PBXFileReference; fileEncoding = 4; lastKnownFileType = sourcecode.c.objc; path = Student.m; sourceTree = "<group>"; };
		B4612DFF17154C2800E0B6C5 /* SenTestingKit.framework */ = {isa = PBXFileReference; lastKnownFileType = wrapper.framework; name = SenTestingKit.framework; path = Library/Frameworks/SenTestingKit.framework; sourceTree = DEVELOPER_DIR; };
		B4612E0117154C2800E0B6C5 /* Cocoa.framework */ = {isa = PBXFileReference; lastKnownFileType = wrapper.framework; name = Cocoa.framework; path = Library/Frameworks/Cocoa.framework; sourceTree = DEVELOPER_DIR; };
		B4612E0417154C2800E0B6C5 /* AppKit.framework */ = {isa = PBXFileReference; lastKnownFileType = wrapper.framework; name = AppKit.framework; path = Library/Frameworks/AppKit.framework; sourceTree = SDKROOT; };
		B4612E0517154C2800E0B6C5 /* CoreData.framework */ = {isa = PBXFileReference; lastKnownFileType = wrapper.framework; name = CoreData.framework; path = Library/Frameworks/CoreData.framework; sourceTree = SDKROOT; };
		B4612E0617154C2800E0B6C5 /* Foundation.framework */ = {isa = PBXFileReference; lastKnownFileType = wrapper.framework; name = Foundation.framework; path = Library/Frameworks/Foundation.framework; sourceTree = SDKROOT; };
		B4612E1D17154D9800E0B6C5 /* MittSchemaTests.octest */ = {isa = PBXFileReference; explicitFileType = wrapper.cfbundle; includeInIndex = 0; path = MittSchemaTests.octest; sourceTree = BUILT_PRODUCTS_DIR; };
		B4612E2217154D9800E0B6C5 /* MittSchemaTests-Info.plist */ = {isa = PBXFileReference; lastKnownFileType = text.plist.xml; path = "MittSchemaTests-Info.plist"; sourceTree = "<group>"; };
		B4612E2417154D9800E0B6C5 /* en */ = {isa = PBXFileReference; lastKnownFileType = text.plist.strings; name = en; path = en.lproj/InfoPlist.strings; sourceTree = "<group>"; };
		B4612E2917154D9800E0B6C5 /* MittSchemaTests-Prefix.pch */ = {isa = PBXFileReference; lastKnownFileType = sourcecode.c.h; path = "MittSchemaTests-Prefix.pch"; sourceTree = "<group>"; };
		B46FB90C171C0064009D2F1B /* Lesson.h */ = {isa = PBXFileReference; fileEncoding = 4; lastKnownFileType = sourcecode.c.h; path = Lesson.h; sourceTree = "<group>"; };
		B46FB90D171C0065009D2F1B /* Lesson.m */ = {isa = PBXFileReference; fileEncoding = 4; lastKnownFileType = sourcecode.c.objc; path = Lesson.m; sourceTree = "<group>"; };
		B4B957D51712DDAE00ACA1D4 /* Course.h */ = {isa = PBXFileReference; fileEncoding = 4; lastKnownFileType = sourcecode.c.h; path = Course.h; sourceTree = "<group>"; };
		B4B957D61712DDAE00ACA1D4 /* Course.m */ = {isa = PBXFileReference; fileEncoding = 4; lastKnownFileType = sourcecode.c.objc; path = Course.m; sourceTree = "<group>"; };
		B4C76A501716D5A3003253D2 /* Admin.h */ = {isa = PBXFileReference; fileEncoding = 4; lastKnownFileType = sourcecode.c.h; path = Admin.h; sourceTree = "<group>"; };
		B4C76A511716D5A3003253D2 /* Admin.m */ = {isa = PBXFileReference; fileEncoding = 4; lastKnownFileType = sourcecode.c.objc; path = Admin.m; sourceTree = "<group>"; };
		B4E375FC1713FD3C0010ED97 /* StudentService.h */ = {isa = PBXFileReference; fileEncoding = 4; lastKnownFileType = sourcecode.c.h; path = StudentService.h; sourceTree = "<group>"; };
		B4E375FD1713FD3C0010ED97 /* StudentService.m */ = {isa = PBXFileReference; fileEncoding = 4; lastKnownFileType = sourcecode.c.objc; path = StudentService.m; sourceTree = "<group>"; };
		B4E375FF171421B70010ED97 /* Scheme.h */ = {isa = PBXFileReference; fileEncoding = 4; lastKnownFileType = sourcecode.c.h; path = Scheme.h; sourceTree = "<group>"; };
		B4E37600171421B70010ED97 /* Scheme.m */ = {isa = PBXFileReference; fileEncoding = 4; lastKnownFileType = sourcecode.c.objc; path = Scheme.m; sourceTree = "<group>"; };
/* End PBXFileReference section */

/* Begin PBXFrameworksBuildPhase section */
		B4481802171089D20054926B /* Frameworks */ = {
			isa = PBXFrameworksBuildPhase;
			buildActionMask = 2147483647;
			files = (
				B4481809171089D20054926B /* Foundation.framework in Frameworks */,
			);
			runOnlyForDeploymentPostprocessing = 0;
		};
		B4612E1917154D9800E0B6C5 /* Frameworks */ = {
			isa = PBXFrameworksBuildPhase;
			buildActionMask = 2147483647;
			files = (
				B4612E1E17154D9800E0B6C5 /* SenTestingKit.framework in Frameworks */,
				B4612E1F17154D9800E0B6C5 /* Cocoa.framework in Frameworks */,
			);
			runOnlyForDeploymentPostprocessing = 0;
		};
/* End PBXFrameworksBuildPhase section */

/* Begin PBXGroup section */
		B44817FC171089D20054926B = {
			isa = PBXGroup;
			children = (
				B448180A171089D20054926B /* MittSchema */,
				B4612E2017154D9800E0B6C5 /* MittSchemaTests */,
				B4481807171089D20054926B /* Frameworks */,
				B4481806171089D20054926B /* Products */,
				B448180D171089D20054926B /* Supporting Files */,
			);
			sourceTree = "<group>";
		};
		B4481806171089D20054926B /* Products */ = {
			isa = PBXGroup;
			children = (
				B4481805171089D20054926B /* MittSchema */,
				B4612E1D17154D9800E0B6C5 /* MittSchemaTests.octest */,
			);
			name = Products;
			sourceTree = "<group>";
		};
		B4481807171089D20054926B /* Frameworks */ = {
			isa = PBXGroup;
			children = (
				B4481808171089D20054926B /* Foundation.framework */,
				B4612DFF17154C2800E0B6C5 /* SenTestingKit.framework */,
				B4612E0117154C2800E0B6C5 /* Cocoa.framework */,
				B4612E0317154C2800E0B6C5 /* Other Frameworks */,
			);
			name = Frameworks;
			sourceTree = "<group>";
		};
		B448180A171089D20054926B /* MittSchema */ = {
			isa = PBXGroup;
			children = (
				B448180B171089D20054926B /* main.m */,
				B4C76A501716D5A3003253D2 /* Admin.h */,
				B4C76A511716D5A3003253D2 /* Admin.m */,
				B448182217108FDF0054926B /* Student.h */,
				B448182317108FDF0054926B /* Student.m */,
				B4E375FC1713FD3C0010ED97 /* StudentService.h */,
				B4E375FD1713FD3C0010ED97 /* StudentService.m */,
				B423F011171EDEB50072CFA9 /* JsonFormat.h */,
				B4B957D51712DDAE00ACA1D4 /* Course.h */,
				B4B957D61712DDAE00ACA1D4 /* Course.m */,
				B46FB90C171C0064009D2F1B /* Lesson.h */,
				B46FB90D171C0065009D2F1B /* Lesson.m */,
				B4E375FF171421B70010ED97 /* Scheme.h */,
				B4E37600171421B70010ED97 /* Scheme.m */,
				B423F016171EE0D10072CFA9 /* Student+Json.h */,
				B423F017171EE0D10072CFA9 /* Student+Json.m */,
			);
			path = MittSchema;
			sourceTree = "<group>";
		};
		B448180D171089D20054926B /* Supporting Files */ = {
			isa = PBXGroup;
			children = (
				B448180F171089D20054926B /* MittSchema.1 */,
				B448180E171089D20054926B /* MittSchema-Prefix.pch */,
			);
			name = "Supporting Files";
			path = MittSchema;
			sourceTree = "<group>";
		};
		B4612E0317154C2800E0B6C5 /* Other Frameworks */ = {
			isa = PBXGroup;
			children = (
				B4612E0417154C2800E0B6C5 /* AppKit.framework */,
				B4612E0517154C2800E0B6C5 /* CoreData.framework */,
				B4612E0617154C2800E0B6C5 /* Foundation.framework */,
			);
			name = "Other Frameworks";
			sourceTree = "<group>";
		};
		B4612E2017154D9800E0B6C5 /* MittSchemaTests */ = {
			isa = PBXGroup;
			children = (
				B4612E2117154D9800E0B6C5 /* Supporting Files */,
				B42EAAD6171FF1BA0093117E /* MittSchemaTests.h */,
				B42EAAD7171FF1BA0093117E /* MittSchemaTests.m */,
			);
			path = MittSchemaTests;
			sourceTree = "<group>";
		};
		B4612E2117154D9800E0B6C5 /* Supporting Files */ = {
			isa = PBXGroup;
			children = (
				B4612E2217154D9800E0B6C5 /* MittSchemaTests-Info.plist */,
				B4612E2317154D9800E0B6C5 /* InfoPlist.strings */,
				B4612E2917154D9800E0B6C5 /* MittSchemaTests-Prefix.pch */,
			);
			name = "Supporting Files";
			sourceTree = "<group>";
		};
/* End PBXGroup section */

/* Begin PBXNativeTarget section */
		B4481804171089D20054926B /* MittSchema */ = {
			isa = PBXNativeTarget;
			buildConfigurationList = B4481813171089D20054926B /* Build configuration list for PBXNativeTarget "MittSchema" */;
			buildPhases = (
				B4481801171089D20054926B /* Sources */,
				B4481802171089D20054926B /* Frameworks */,
				B4481803171089D20054926B /* CopyFiles */,
			);
			buildRules = (
			);
			dependencies = (
			);
			name = MittSchema;
			productName = MittSchema;
			productReference = B4481805171089D20054926B /* MittSchema */;
			productType = "com.apple.product-type.tool";
		};
		B4612E1C17154D9800E0B6C5 /* MittSchemaTests */ = {
			isa = PBXNativeTarget;
			buildConfigurationList = B4612E2A17154D9800E0B6C5 /* Build configuration list for PBXNativeTarget "MittSchemaTests" */;
			buildPhases = (
				B4612E1817154D9800E0B6C5 /* Sources */,
				B4612E1917154D9800E0B6C5 /* Frameworks */,
				B4612E1A17154D9800E0B6C5 /* Resources */,
				B4612E1B17154D9800E0B6C5 /* ShellScript */,
			);
			buildRules = (
			);
			dependencies = (
			);
			name = MittSchemaTests;
			productName = MittSchemaTests;
			productReference = B4612E1D17154D9800E0B6C5 /* MittSchemaTests.octest */;
			productType = "com.apple.product-type.bundle";
		};
/* End PBXNativeTarget section */

/* Begin PBXProject section */
		B44817FD171089D20054926B /* Project object */ = {
			isa = PBXProject;
			attributes = {
				LastUpgradeCheck = 0460;
				ORGANIZATIONNAME = "Jens Hagfeldt";
			};
			buildConfigurationList = B4481800171089D20054926B /* Build configuration list for PBXProject "MittSchema" */;
			compatibilityVersion = "Xcode 3.2";
			developmentRegion = English;
			hasScannedForEncodings = 0;
			knownRegions = (
				en,
			);
			mainGroup = B44817FC171089D20054926B;
			productRefGroup = B4481806171089D20054926B /* Products */;
			projectDirPath = "";
			projectRoot = "";
			targets = (
				B4481804171089D20054926B /* MittSchema */,
				B4612E1C17154D9800E0B6C5 /* MittSchemaTests */,
			);
		};
/* End PBXProject section */

/* Begin PBXResourcesBuildPhase section */
		B4612E1A17154D9800E0B6C5 /* Resources */ = {
			isa = PBXResourcesBuildPhase;
			buildActionMask = 2147483647;
			files = (
				B4612E2517154D9800E0B6C5 /* InfoPlist.strings in Resources */,
			);
			runOnlyForDeploymentPostprocessing = 0;
		};
/* End PBXResourcesBuildPhase section */

/* Begin PBXShellScriptBuildPhase section */
		B4612E1B17154D9800E0B6C5 /* ShellScript */ = {
			isa = PBXShellScriptBuildPhase;
			buildActionMask = 2147483647;
			files = (
			);
			inputPaths = (
			);
			outputPaths = (
			);
			runOnlyForDeploymentPostprocessing = 0;
			shellPath = /bin/sh;
			shellScript = "# Run the unit tests in this test bundle.\n\"${SYSTEM_DEVELOPER_DIR}/Tools/RunUnitTests\"\n";
		};
/* End PBXShellScriptBuildPhase section */

/* Begin PBXSourcesBuildPhase section */
		B4481801171089D20054926B /* Sources */ = {
			isa = PBXSourcesBuildPhase;
			buildActionMask = 2147483647;
			files = (
				B448180C171089D20054926B /* main.m in Sources */,
				B448182417108FDF0054926B /* Student.m in Sources */,
				B4B957D71712DDAE00ACA1D4 /* Course.m in Sources */,
				B4E375FE1713FD3C0010ED97 /* StudentService.m in Sources */,
				B4E37601171421B70010ED97 /* Scheme.m in Sources */,
				B4C76A521716D5A3003253D2 /* Admin.m in Sources */,
				B46FB90E171C0065009D2F1B /* Lesson.m in Sources */,
				B423F018171EE0D10072CFA9 /* Student+Json.m in Sources */,
			);
			runOnlyForDeploymentPostprocessing = 0;
		};
		B4612E1817154D9800E0B6C5 /* Sources */ = {
			isa = PBXSourcesBuildPhase;
			buildActionMask = 2147483647;
			files = (
				B4612E3017154DC700E0B6C5 /* Student.m in Sources */,
				B4C76A531716D5A3003253D2 /* Admin.m in Sources */,
				B46FB90F171C0065009D2F1B /* Lesson.m in Sources */,
				B423F019171EE0D10072CFA9 /* Student+Json.m in Sources */,
				B42EAAD8171FF1BB0093117E /* MittSchemaTests.m in Sources */,
			);
			runOnlyForDeploymentPostprocessing = 0;
		};
/* End PBXSourcesBuildPhase section */

/* Begin PBXVariantGroup section */
		B4612E2317154D9800E0B6C5 /* InfoPlist.strings */ = {
			isa = PBXVariantGroup;
			children = (
				B4612E2417154D9800E0B6C5 /* en */,
			);
			name = InfoPlist.strings;
			sourceTree = "<group>";
		};
/* End PBXVariantGroup section */

/* Begin XCBuildConfiguration section */
		B4481811171089D20054926B /* Debug */ = {
			isa = XCBuildConfiguration;
			buildSettings = {
				ALWAYS_SEARCH_USER_PATHS = NO;
				ARCHS = "$(ARCHS_STANDARD_64_BIT)";
				CLANG_CXX_LANGUAGE_STANDARD = "gnu++0x";
				CLANG_CXX_LIBRARY = "libc++";
				CLANG_ENABLE_OBJC_ARC = YES;
				CLANG_WARN_CONSTANT_CONVERSION = YES;
				CLANG_WARN_EMPTY_BODY = YES;
				CLANG_WARN_ENUM_CONVERSION = YES;
				CLANG_WARN_INT_CONVERSION = YES;
				CLANG_WARN__DUPLICATE_METHOD_MATCH = YES;
				COPY_PHASE_STRIP = NO;
				GCC_C_LANGUAGE_STANDARD = gnu99;
				GCC_DYNAMIC_NO_PIC = NO;
				GCC_ENABLE_OBJC_EXCEPTIONS = YES;
				GCC_OPTIMIZATION_LEVEL = 0;
				GCC_PREPROCESSOR_DEFINITIONS = (
					"DEBUG=1",
					"$(inherited)",
				);
				GCC_SYMBOLS_PRIVATE_EXTERN = NO;
				GCC_WARN_64_TO_32_BIT_CONVERSION = YES;
				GCC_WARN_ABOUT_RETURN_TYPE = YES;
				GCC_WARN_UNINITIALIZED_AUTOS = YES;
				GCC_WARN_UNUSED_VARIABLE = YES;
				MACOSX_DEPLOYMENT_TARGET = 10.8;
				ONLY_ACTIVE_ARCH = YES;
				SDKROOT = macosx;
			};
			name = Debug;
		};
		B4481812171089D20054926B /* Release */ = {
			isa = XCBuildConfiguration;
			buildSettings = {
				ALWAYS_SEARCH_USER_PATHS = NO;
				ARCHS = "$(ARCHS_STANDARD_64_BIT)";
				CLANG_CXX_LANGUAGE_STANDARD = "gnu++0x";
				CLANG_CXX_LIBRARY = "libc++";
				CLANG_ENABLE_OBJC_ARC = YES;
				CLANG_WARN_CONSTANT_CONVERSION = YES;
				CLANG_WARN_EMPTY_BODY = YES;
				CLANG_WARN_ENUM_CONVERSION = YES;
				CLANG_WARN_INT_CONVERSION = YES;
				CLANG_WARN__DUPLICATE_METHOD_MATCH = YES;
				COPY_PHASE_STRIP = YES;
				DEBUG_INFORMATION_FORMAT = "dwarf-with-dsym";
				GCC_C_LANGUAGE_STANDARD = gnu99;
				GCC_ENABLE_OBJC_EXCEPTIONS = YES;
				GCC_WARN_64_TO_32_BIT_CONVERSION = YES;
				GCC_WARN_ABOUT_RETURN_TYPE = YES;
				GCC_WARN_UNINITIALIZED_AUTOS = YES;
				GCC_WARN_UNUSED_VARIABLE = YES;
				MACOSX_DEPLOYMENT_TARGET = 10.8;
				SDKROOT = macosx;
			};
			name = Release;
		};
		B4481814171089D20054926B /* Debug */ = {
			isa = XCBuildConfiguration;
			buildSettings = {
				GCC_PRECOMPILE_PREFIX_HEADER = YES;
				GCC_PREFIX_HEADER = "MittSchema/MittSchema-Prefix.pch";
				PRODUCT_NAME = "$(TARGET_NAME)";
			};
			name = Debug;
		};
		B4481815171089D20054926B /* Release */ = {
			isa = XCBuildConfiguration;
			buildSettings = {
				GCC_PRECOMPILE_PREFIX_HEADER = YES;
				GCC_PREFIX_HEADER = "MittSchema/MittSchema-Prefix.pch";
				PRODUCT_NAME = "$(TARGET_NAME)";
			};
			name = Release;
		};
		B4612E2B17154D9800E0B6C5 /* Debug */ = {
			isa = XCBuildConfiguration;
			buildSettings = {
				COMBINE_HIDPI_IMAGES = YES;
				FRAMEWORK_SEARCH_PATHS = "\"$(DEVELOPER_LIBRARY_DIR)/Frameworks\"";
				GCC_PRECOMPILE_PREFIX_HEADER = YES;
				GCC_PREFIX_HEADER = "MittSchemaTests/MittSchemaTests-Prefix.pch";
				INFOPLIST_FILE = "MittSchemaTests/MittSchemaTests-Info.plist";
				PRODUCT_NAME = "$(TARGET_NAME)";
				WRAPPER_EXTENSION = octest;
			};
			name = Debug;
		};
		B4612E2C17154D9800E0B6C5 /* Release */ = {
			isa = XCBuildConfiguration;
			buildSettings = {
				COMBINE_HIDPI_IMAGES = YES;
				FRAMEWORK_SEARCH_PATHS = "\"$(DEVELOPER_LIBRARY_DIR)/Frameworks\"";
				GCC_PRECOMPILE_PREFIX_HEADER = YES;
				GCC_PREFIX_HEADER = "MittSchemaTests/MittSchemaTests-Prefix.pch";
				INFOPLIST_FILE = "MittSchemaTests/MittSchemaTests-Info.plist";
				PRODUCT_NAME = "$(TARGET_NAME)";
				WRAPPER_EXTENSION = octest;
			};
			name = Release;
		};
/* End XCBuildConfiguration section */

/* Begin XCConfigurationList section */
		B4481800171089D20054926B /* Build configuration list for PBXProject "MittSchema" */ = {
			isa = XCConfigurationList;
			buildConfigurations = (
				B4481811171089D20054926B /* Debug */,
				B4481812171089D20054926B /* Release */,
			);
			defaultConfigurationIsVisible = 0;
			defaultConfigurationName = Release;
		};
		B4481813171089D20054926B /* Build configuration list for PBXNativeTarget "MittSchema" */ = {
			isa = XCConfigurationList;
			buildConfigurations = (
				B4481814171089D20054926B /* Debug */,
				B4481815171089D20054926B /* Release */,
			);
			defaultConfigurationIsVisible = 0;
			defaultConfigurationName = Release;
		};
		B4612E2A17154D9800E0B6C5 /* Build configuration list for PBXNativeTarget "MittSchemaTests" */ = {
			isa = XCConfigurationList;
			buildConfigurations = (
				B4612E2B17154D9800E0B6C5 /* Debug */,
				B4612E2C17154D9800E0B6C5 /* Release */,
			);
			defaultConfigurationIsVisible = 0;
			defaultConfigurationName = Release;
		};
/* End XCConfigurationList section */
	};
	rootObject = B44817FD171089D20054926B /* Project object */;
}
